// !$*UTF8*$!
{
	archiveVersion = 1;
	classes = {};
	objectVersion = 56;
	objects = {
		2CA60AC506D2F3C6F0AA2CE1 = {isa = PBXFileReference; lastKnownFileType = sourcecode.swift; path = "Sources/ShadowAgent/Intents/ShadowAppIntentPlan.swift"; sourceTree = "<group>"; };
		568178BBE742F7AC9F284C28 = {isa = PBXBuildFile; fileRef = 2CA60AC506D2F3C6F0AA2CE1; };
		861F90F339690FC2E828EE04 = {isa = PBXFileReference; lastKnownFileType = sourcecode.swift; path = "Sources/ShadowAgent/Models/ShadowModels.swift"; sourceTree = "<group>"; };
		EAC1EABC025510264CB44B14 = {isa = PBXBuildFile; fileRef = 861F90F339690FC2E828EE04; };
		823985CCFFDD4491364D6ED3 = {isa = PBXFileReference; lastKnownFileType = sourcecode.swift; path = "Sources/ShadowAgent/Services/DeviceIdentityStore.swift"; sourceTree = "<group>"; };
		75E1D07F6CF00DE4D8FDADCD = {isa = PBXBuildFile; fileRef = 823985CCFFDD4491364D6ED3; };
		AD6F7693C59A06B6ABB40688 = {isa = PBXFileReference; lastKnownFileType = sourcecode.swift; path = "Sources/ShadowAgent/Services/KeychainStore.swift"; sourceTree = "<group>"; };
		8DF7E7FCA2D8DBB31F5C3B44 = {isa = PBXBuildFile; fileRef = AD6F7693C59A06B6ABB40688; };
		21E31FE48A63BC02C7F4CF8B = {isa = PBXFileReference; lastKnownFileType = sourcecode.swift; path = "Sources/ShadowAgent/Services/ShadowAPIClient.swift"; sourceTree = "<group>"; };
		0C4036414A9D9F907FD6FBFC = {isa = PBXBuildFile; fileRef = 21E31FE48A63BC02C7F4CF8B; };
		F77F49B6C8476D955348CAE9 = {isa = PBXFileReference; lastKnownFileType = sourcecode.swift; path = "Sources/ShadowAgent/ShadowAgentApp.swift"; sourceTree = "<group>"; };
		FCEC7BC4749AA2B6BE7C4A4C = {isa = PBXBuildFile; fileRef = F77F49B6C8476D955348CAE9; };
		3A4823CBE9C9F53664EC754D = {isa = PBXFileReference; lastKnownFileType = sourcecode.swift; path = "Sources/ShadowAgent/State/AppState.swift"; sourceTree = "<group>"; };
		0487FE81B0EFC013FF8D0686 = {isa = PBXBuildFile; fileRef = 3A4823CBE9C9F53664EC754D; };
		01916AB37B981F96E442DF09 = {isa = PBXFileReference; lastKnownFileType = sourcecode.swift; path = "Sources/ShadowAgent/Views/ApprovalDetailView.swift"; sourceTree = "<group>"; };
		C7E2DB652F4894477AA5D71E = {isa = PBXBuildFile; fileRef = 01916AB37B981F96E442DF09; };
		FFCA35DB94FFC468E9B108DC = {isa = PBXFileReference; lastKnownFileType = sourcecode.swift; path = "Sources/ShadowAgent/Views/ApprovalsView.swift"; sourceTree = "<group>"; };
		0FAAE95C18B76EFD9FEB96AD = {isa = PBXBuildFile; fileRef = FFCA35DB94FFC468E9B108DC; };
		2ED68B5C82E5FDEB6003FA45 = {isa = PBXFileReference; lastKnownFileType = sourcecode.swift; path = "Sources/ShadowAgent/Views/AskShadowView.swift"; sourceTree = "<group>"; };
		E60EC87C586F221B89D3CA18 = {isa = PBXBuildFile; fileRef = 2ED68B5C82E5FDEB6003FA45; };
		C8430D1945449B721B221B11 = {isa = PBXFileReference; lastKnownFileType = sourcecode.swift; path = "Sources/ShadowAgent/Views/AuditLogView.swift"; sourceTree = "<group>"; };
		005A59250DD52AD04B869FF5 = {isa = PBXBuildFile; fileRef = C8430D1945449B721B221B11; };
		C7A6E17410B33F1F8E444C2E = {isa = PBXFileReference; lastKnownFileType = sourcecode.swift; path = "Sources/ShadowAgent/Views/AutonomySettingsView.swift"; sourceTree = "<group>"; };
		B027FACB0CA7E8B8B3DE4E43 = {isa = PBXBuildFile; fileRef = C7A6E17410B33F1F8E444C2E; };
		EA1BA6B6B8E4967D2118FE0F = {isa = PBXFileReference; lastKnownFileType = sourcecode.swift; path = "Sources/ShadowAgent/Views/ConnectorSettingsView.swift"; sourceTree = "<group>"; };
		00E27B9422FE539B0C6EA085 = {isa = PBXBuildFile; fileRef = EA1BA6B6B8E4967D2118FE0F; };
		8C664A05344DEAD8428BF739 = {isa = PBXFileReference; lastKnownFileType = sourcecode.swift; path = "Sources/ShadowAgent/Views/DevicesView.swift"; sourceTree = "<group>"; };
		4A613A811AB026E6EDD721BB = {isa = PBXBuildFile; fileRef = 8C664A05344DEAD8428BF739; };
		DD0AD7BED3C4BB410FD1D569 = {isa = PBXFileReference; lastKnownFileType = sourcecode.swift; path = "Sources/ShadowAgent/Views/EmergencyPauseView.swift"; sourceTree = "<group>"; };
		EBFA62881728C63CB39FC836 = {isa = PBXBuildFile; fileRef = DD0AD7BED3C4BB410FD1D569; };
		31F252B07A5B05DC7FD0777C = {isa = PBXFileReference; lastKnownFileType = sourcecode.swift; path = "Sources/ShadowAgent/Views/HomeView.swift"; sourceTree = "<group>"; };
		F8D153BAE7667150ABAC2C25 = {isa = PBXBuildFile; fileRef = 31F252B07A5B05DC7FD0777C; };
		EDB1F412D713C6586D06EADD = {isa = PBXFileReference; lastKnownFileType = sourcecode.swift; path = "Sources/ShadowAgent/Views/MemoryDetailView.swift"; sourceTree = "<group>"; };
		7ED4E1FA66CD660E5878D65C = {isa = PBXBuildFile; fileRef = EDB1F412D713C6586D06EADD; };
		AF2558B2C909176D14F06EE9 = {isa = PBXFileReference; lastKnownFileType = sourcecode.swift; path = "Sources/ShadowAgent/Views/MemoryView.swift"; sourceTree = "<group>"; };
		2F2A664205BDB142837AF192 = {isa = PBXBuildFile; fileRef = AF2558B2C909176D14F06EE9; };
		A983691E8AEB263852E7A032 = {isa = PBXFileReference; lastKnownFileType = sourcecode.swift; path = "Sources/ShadowAgent/Views/ModelProviderSettingsView.swift"; sourceTree = "<group>"; };
		1ECEB3701DD0479F39AC3D48 = {isa = PBXBuildFile; fileRef = A983691E8AEB263852E7A032; };
		DF533FEDFE1D2AB0747177C1 = {isa = PBXFileReference; lastKnownFileType = sourcecode.swift; path = "Sources/ShadowAgent/Views/OnboardingView.swift"; sourceTree = "<group>"; };
		3EE24F46092F1E84AA6B8E5F = {isa = PBXBuildFile; fileRef = DF533FEDFE1D2AB0747177C1; };
		F1F726BB4AB1250C8DB69469 = {isa = PBXFileReference; lastKnownFileType = sourcecode.swift; path = "Sources/ShadowAgent/Views/PairDeviceView.swift"; sourceTree = "<group>"; };
		76F2793BA35C7CAC6E650BE4 = {isa = PBXBuildFile; fileRef = F1F726BB4AB1250C8DB69469; };
		CD079DDBDEAEE9FF2BDA5879 = {isa = PBXFileReference; lastKnownFileType = sourcecode.swift; path = "Sources/ShadowAgent/Views/PrivacyDashboardView.swift"; sourceTree = "<group>"; };
		2B9D0D911D5E5D50AB6309BE = {isa = PBXBuildFile; fileRef = CD079DDBDEAEE9FF2BDA5879; };
		86AB2B287C5EC8F3F96B38BB = {isa = PBXFileReference; lastKnownFileType = sourcecode.swift; path = "Sources/ShadowAgent/Views/SettingsView.swift"; sourceTree = "<group>"; };
		8921826AD7CBC185F119CF0C = {isa = PBXBuildFile; fileRef = 86AB2B287C5EC8F3F96B38BB; };
		A3E2DF1EDA9CAD2FA4934DBA = {isa = PBXFileReference; lastKnownFileType = folder.assetcatalog; path = "ShadowAgent/Assets.xcassets"; sourceTree = "<group>"; };
		4A572E9A722C33ED96220D22 = {isa = PBXBuildFile; fileRef = A3E2DF1EDA9CAD2FA4934DBA; };
		C24B615EE6837D8A842B6424 = {isa = PBXFileReference; lastKnownFileType = file.storyboard; path = "ShadowAgent/Base.lproj/LaunchScreen.storyboard"; sourceTree = "<group>"; };
		7B18D13E62331556B36EFF6C = {isa = PBXBuildFile; fileRef = C24B615EE6837D8A842B6424; };
		F5BF48AA40CAD7891EB709FC = {isa = PBXFileReference; explicitFileType = wrapper.application; includeInIndex = 0; path = ShadowAgent.app; sourceTree = BUILT_PRODUCTS_DIR; };
		FAD58DE7366495DB4650CFEF = {isa = PBXGroup; children = (2CA60AC506D2F3C6F0AA2CE1,861F90F339690FC2E828EE04,823985CCFFDD4491364D6ED3,AD6F7693C59A06B6ABB40688,21E31FE48A63BC02C7F4CF8B,F77F49B6C8476D955348CAE9,3A4823CBE9C9F53664EC754D,01916AB37B981F96E442DF09,FFCA35DB94FFC468E9B108DC,2ED68B5C82E5FDEB6003FA45,C8430D1945449B721B221B11,C7A6E17410B33F1F8E444C2E,EA1BA6B6B8E4967D2118FE0F,8C664A05344DEAD8428BF739,DD0AD7BED3C4BB410FD1D569,31F252B07A5B05DC7FD0777C,EDB1F412D713C6586D06EADD,AF2558B2C909176D14F06EE9,A983691E8AEB263852E7A032,DF533FEDFE1D2AB0747177C1,F1F726BB4AB1250C8DB69469,CD079DDBDEAEE9FF2BDA5879,86AB2B287C5EC8F3F96B38BB,A3E2DF1EDA9CAD2FA4934DBA,C24B615EE6837D8A842B6424,4FA33076EAECEB132DE7726D); sourceTree = "<group>"; };
		4FA33076EAECEB132DE7726D = {isa = PBXGroup; children = (F5BF48AA40CAD7891EB709FC); name = Products; sourceTree = "<group>"; };
		F2AB5FB218DA8B84623F4557 = {isa = PBXSourcesBuildPhase; buildActionMask = 2147483647; files = (568178BBE742F7AC9F284C28,EAC1EABC025510264CB44B14,75E1D07F6CF00DE4D8FDADCD,8DF7E7FCA2D8DBB31F5C3B44,0C4036414A9D9F907FD6FBFC,FCEC7BC4749AA2B6BE7C4A4C,0487FE81B0EFC013FF8D0686,C7E2DB652F4894477AA5D71E,0FAAE95C18B76EFD9FEB96AD,E60EC87C586F221B89D3CA18,005A59250DD52AD04B869FF5,B027FACB0CA7E8B8B3DE4E43,00E27B9422FE539B0C6EA085,4A613A811AB026E6EDD721BB,EBFA62881728C63CB39FC836,F8D153BAE7667150ABAC2C25,7ED4E1FA66CD660E5878D65C,2F2A664205BDB142837AF192,1ECEB3701DD0479F39AC3D48,3EE24F46092F1E84AA6B8E5F,76F2793BA35C7CAC6E650BE4,2B9D0D911D5E5D50AB6309BE,8921826AD7CBC185F119CF0C); runOnlyForDeploymentPostprocessing = 0; };
		55B558C7EF820E6E00E5993B = {isa = PBXResourcesBuildPhase; buildActionMask = 2147483647; files = (4A572E9A722C33ED96220D22,7B18D13E62331556B36EFF6C); runOnlyForDeploymentPostprocessing = 0; };
		4F6F5CC3FCCF73F75AE9CCF4 = {isa = PBXFrameworksBuildPhase; buildActionMask = 2147483647; files = (); runOnlyForDeploymentPostprocessing = 0; };
		42AEFBAE01D2DFD981F7DA7D = {isa = PBXNativeTarget; buildConfigurationList = 98BFD57AC8E15DCA109EEE45; buildPhases = (F2AB5FB218DA8B84623F4557,55B558C7EF820E6E00E5993B,4F6F5CC3FCCF73F75AE9CCF4); buildRules = (); dependencies = (); name = ShadowAgentApp; productName = ShadowAgent; productReference = F5BF48AA40CAD7891EB709FC; productType = "com.apple.product-type.application"; };
		46F86FAA6BBF9AC94A7E4595 = {isa = PBXProject; attributes = {BuildIndependentTargetsInParallel = 1; LastSwiftUpdateCheck = 1500; LastUpgradeCheck = 1500; TargetAttributes = {42AEFBAE01D2DFD981F7DA7D = {CreatedOnToolsVersion = 15.0;};};}; buildConfigurationList = 09E1633D859F28C84F259759; compatibilityVersion = "Xcode 14.0"; developmentRegion = en; hasScannedForEncodings = 0; knownRegions = (en, Base); mainGroup = FAD58DE7366495DB4650CFEF; productRefGroup = 4FA33076EAECEB132DE7726D; projectDirPath = ""; targets = (42AEFBAE01D2DFD981F7DA7D); };
		09E1633D859F28C84F259759 = {isa = XCConfigurationList; buildConfigurations = (B1DA4861A4EDF5615EC39F07,7FFC4D510260A8544E5550E6); defaultConfigurationIsVisible = 0; defaultConfigurationName = Release; };
		98BFD57AC8E15DCA109EEE45 = {isa = XCConfigurationList; buildConfigurations = (ADF8D10C1FBA999C12F23879,6791BF1F1E8A3A0981023556); defaultConfigurationIsVisible = 0; defaultConfigurationName = Release; };
		B1DA4861A4EDF5615EC39F07 = {isa = XCBuildConfiguration; buildSettings = {SWIFT_VERSION = 5.9; IPHONEOS_DEPLOYMENT_TARGET = 17.0;}; name = Debug; };
		7FFC4D510260A8544E5550E6 = {isa = XCBuildConfiguration; buildSettings = {SWIFT_VERSION = 5.9; IPHONEOS_DEPLOYMENT_TARGET = 17.0;}; name = Release; };
		ADF8D10C1FBA999C12F23879 = {isa = XCBuildConfiguration; buildSettings = {ASSETCATALOG_COMPILER_APPICON_NAME = AppIcon; CODE_SIGN_STYLE = Automatic; CURRENT_PROJECT_VERSION = 1; DEVELOPMENT_TEAM = ""; GENERATE_INFOPLIST_FILE = YES; INFOPLIST_KEY_CFBundleDisplayName = "Shadow Agent"; INFOPLIST_KEY_UILaunchStoryboardName = LaunchScreen; IPHONEOS_DEPLOYMENT_TARGET = 17.0; MARKETING_VERSION = 0.4.0; PRODUCT_BUNDLE_IDENTIFIER = ai.shadow.agent; PRODUCT_NAME = ShadowAgent; SWIFT_VERSION = 5.9; TARGETED_DEVICE_FAMILY = "1,2";}; name = Debug; };
		6791BF1F1E8A3A0981023556 = {isa = XCBuildConfiguration; buildSettings = {ASSETCATALOG_COMPILER_APPICON_NAME = AppIcon; CODE_SIGN_STYLE = Automatic; CURRENT_PROJECT_VERSION = 1; DEVELOPMENT_TEAM = ""; GENERATE_INFOPLIST_FILE = YES; INFOPLIST_KEY_CFBundleDisplayName = "Shadow Agent"; INFOPLIST_KEY_UILaunchStoryboardName = LaunchScreen; IPHONEOS_DEPLOYMENT_TARGET = 17.0; MARKETING_VERSION = 0.4.0; PRODUCT_BUNDLE_IDENTIFIER = ai.shadow.agent; PRODUCT_NAME = ShadowAgent; SWIFT_VERSION = 5.9; TARGETED_DEVICE_FAMILY = "1,2";}; name = Release; };
	};
	rootObject = 46F86FAA6BBF9AC94A7E4595;
}